{
  "name": "@ng-hive/dynamic-table",
  "version": "0.0.1",
  "lockfileVersion": 1,
  "requires": true,
  "dependencies": {
    "@angular/common": {
      "version": "8.2.14",
      "resolved": "https://registry.npmjs.org/@angular/common/-/common-8.2.14.tgz",
      "integrity": "sha512-Qmt+aX2quUW54kaNT7QH7WGXnFxr/cC2C6sf5SW5SdkZfDQSiz8IaItvieZfXVQUbBOQKFRJ7TlSkt0jI/yjvw==",
      "requires": {
        "tslib": "^1.9.0"
      }
    },
    "@angular/core": {
      "version": "8.2.14",
      "resolved": "https://registry.npmjs.org/@angular/core/-/core-8.2.14.tgz",
      "integrity": "sha512-zeePkigi+hPh3rN7yoNENG/YUBUsIvUXdxx+AZq+QPaFeKEA2FBSrKn36ojHFrdJUjKzl0lPMEiGC2b6a6bo6g==",
      "requires": {
        "tslib": "^1.9.0"
      }
    },
    "@angular/material": {
      "version": "8.2.3",
      "resolved": "https://registry.npmjs.org/@angular/material/-/material-8.2.3.tgz",
      "integrity": "sha512-SOczkIaqes+r+9XF/UUiokidfFKBpHkOPIaFK857sFD0FBNPvPEpOr5oHKCG3feERRwAFqHS7Wo2ohVEWypb5A==",
      "requires": {
        "tslib": "^1.7.1"
      }
    },
    "@netbasal/content-loader": {
      "version": "1.1.0",
      "resolved": "https://registry.npmjs.org/@netbasal/content-loader/-/content-loader-1.1.0.tgz",
      "integrity": "sha512-xzDuM4DWNu+xaTu8FiTUOoOAOHn/ryDyeagzW+3E1bG11pxmXqj9tjyWqx6SE9fH38J90RC5ozZF7LCf0fZDkQ==",
      "requires": {
        "tslib": "^1.9.0"
      }
    },
    "@ngx-formly/core": {
      "version": "5.5.14",
      "resolved": "https://registry.npmjs.org/@ngx-formly/core/-/core-5.5.14.tgz",
      "integrity": "sha512-+QXYQvpl0ic5DCb+vJdVjcniLmCzNYYhiztO8pmr7MkzdZ6VOTd8Zj97jZyBkmvkqxdoGYolar2lA5pf+m4kkg==",
      "requires": {
        "tslib": "^1.7.1"
      }
    },
    "@ngx-formly/material": {
      "version": "5.5.14",
      "resolved": "https://registry.npmjs.org/@ngx-formly/material/-/material-5.5.14.tgz",
      "integrity": "sha512-zat6pmY/LzQNJkFGqZNGaWxRT01SbWd3229WHHbf9gLCtSJXmmW0j14piFsoeGYsSQ4gtSYlIqzFcl8wdZMmqA==",
      "requires": {
        "tslib": "^1.9.0"
      }
    },
    "tslib": {
      "version": "1.11.1",
      "resolved": "https://registry.npmjs.org/tslib/-/tslib-1.11.1.tgz",
      "integrity": "sha512-aZW88SY8kQbU7gpV19lN24LtXh/yD4ZZg6qieAJDDg+YBsJcSmLGK9QpnUjAKVG/xefmvJGd1WUmfpT/g6AJGA=="
    }
  }
}
